
Microsoft Visual Studio Solution File, Format Version 12.00
# Visual Studio Version 16
VisualStudioVersion = 16.0.32228.343
MinimumVisualStudioVersion = 10.0.40219.1
Project("{FAE04EC0-301F-11D3-BF4B-00C04F79EFBC}") = "Rekrutacja", "Rekrutacja\Rekrutacja.csproj", "{0EF56120-49A1-4F49-9E5E-B355B84D19E4}"
EndProject
Global
	GlobalSection(SolutionConfigurationPlatforms) = preSolution
		Debug|Any CPU = Debug|Any CPU
		Release|Any CPU = Release|Any CPU
	EndGlobalSection
	GlobalSection(ProjectConfigurationPlatforms) = postSolution
		{0EF56120-49A1-4F49-9E5E-B355B84D19E4}.Debug|Any CPU.ActiveCfg = Debug|Any CPU
		{0EF56120-49A1-4F49-9E5E-B355B84D19E4}.Debug|Any CPU.Build.0 = Debug|Any CPU
		{0EF56120-49A1-4F49-9E5E-B355B84D19E4}.Release|Any CPU.ActiveCfg = Release|Any CPU
		{0EF56120-49A1-4F49-9E5E-B355B84D19E4}.Release|Any CPU.Build.0 = Release|Any CPU
	EndGlobalSection
	GlobalSection(SolutionProperties) = preSolution
		HideSolutionNode = FALSE
	EndGlobalSection
	GlobalSection(ExtensibilityGlobals) = postSolution
		SolutionGuid = {93F91BA6-9F1D-434B-8CDA-733D553A87C2}
	EndGlobalSection
EndGlobal
